
Microsoft Visual Studio Solution File, Format Version 12.00
# Visual Studio Version 16
VisualStudioVersion = 16.0.34301.259
MinimumVisualStudioVersion = 10.0.40219.1
Project("{8BC9CEB8-8B4A-11D0-8D11-00A0C91BC942}") = "windows_driver", "windows_driver\windows_driver.vcxproj", "{51CCA414-4601-4605-9164-7BED0135874D}"
EndProject
Project("{8BC9CEB8-8B4A-11D0-8D11-00A0C91BC942}") = "userland", "userland\userland.vcxproj", "{6175D642-96FA-4DFA-90A0-214979CA140E}"
EndProject
Global
	GlobalSection(SolutionConfigurationPlatforms) = preSolution
		Debug|ARM = Debug|ARM
		Debug|ARM64 = Debug|ARM64
		Debug|x64 = Debug|x64
		Debug|x86 = Debug|x86
		Release|ARM = Release|ARM
		Release|ARM64 = Release|ARM64
		Release|x64 = Release|x64
		Release|x86 = Release|x86
	EndGlobalSection
	GlobalSection(ProjectConfigurationPlatforms) = postSolution
		{51CCA414-4601-4605-9164-7BED0135874D}.Debug|ARM.ActiveCfg = Debug|ARM
		{51CCA414-4601-4605-9164-7BED0135874D}.Debug|ARM.Build.0 = Debug|ARM
		{51CCA414-4601-4605-9164-7BED0135874D}.Debug|ARM.Deploy.0 = Debug|ARM
		{51CCA414-4601-4605-9164-7BED0135874D}.Debug|ARM64.ActiveCfg = Debug|ARM64
		{51CCA414-4601-4605-9164-7BED0135874D}.Debug|ARM64.Build.0 = Debug|ARM64
		{51CCA414-4601-4605-9164-7BED0135874D}.Debug|ARM64.Deploy.0 = Debug|ARM64
		{51CCA414-4601-4605-9164-7BED0135874D}.Debug|x64.ActiveCfg = Debug|x64
		{51CCA414-4601-4605-9164-7BED0135874D}.Debug|x64.Build.0 = Debug|x64
		{51CCA414-4601-4605-9164-7BED0135874D}.Debug|x64.Deploy.0 = Debug|x64
		{51CCA414-4601-4605-9164-7BED0135874D}.Debug|x86.ActiveCfg = Debug|Win32
		{51CCA414-4601-4605-9164-7BED0135874D}.Debug|x86.Build.0 = Debug|Win32
		{51CCA414-4601-4605-9164-7BED0135874D}.Debug|x86.Deploy.0 = Debug|Win32
		{51CCA414-4601-4605-9164-7BED0135874D}.Release|ARM.ActiveCfg = Release|ARM
		{51CCA414-4601-4605-9164-7BED0135874D}.Release|ARM.Build.0 = Release|ARM
		{51CCA414-4601-4605-9164-7BED0135874D}.Release|ARM.Deploy.0 = Release|ARM
		{51CCA414-4601-4605-9164-7BED0135874D}.Release|ARM64.ActiveCfg = Release|ARM64
		{51CCA414-4601-4605-9164-7BED0135874D}.Release|ARM64.Build.0 = Release|ARM64
		{51CCA414-4601-4605-9164-7BED0135874D}.Release|ARM64.Deploy.0 = Release|ARM64
		{51CCA414-4601-4605-9164-7BED0135874D}.Release|x64.ActiveCfg = Release|x64
		{51CCA414-4601-4605-9164-7BED0135874D}.Release|x64.Build.0 = Release|x64
		{51CCA414-4601-4605-9164-7BED0135874D}.Release|x64.Deploy.0 = Release|x64
		{51CCA414-4601-4605-9164-7BED0135874D}.Release|x86.ActiveCfg = Release|Win32
		{51CCA414-4601-4605-9164-7BED0135874D}.Release|x86.Build.0 = Release|Win32
		{51CCA414-4601-4605-9164-7BED0135874D}.Release|x86.Deploy.0 = Release|Win32
		{6175D642-96FA-4DFA-90A0-214979CA140E}.Debug|ARM.ActiveCfg = Debug|Win32
		{6175D642-96FA-4DFA-90A0-214979CA140E}.Debug|ARM64.ActiveCfg = Debug|Win32
		{6175D642-96FA-4DFA-90A0-214979CA140E}.Debug|x64.ActiveCfg = Debug|x64
		{6175D642-96FA-4DFA-90A0-214979CA140E}.Debug|x64.Build.0 = Debug|x64
		{6175D642-96FA-4DFA-90A0-214979CA140E}.Debug|x86.ActiveCfg = Debug|Win32
		{6175D642-96FA-4DFA-90A0-214979CA140E}.Debug|x86.Build.0 = Debug|Win32
		{6175D642-96FA-4DFA-90A0-214979CA140E}.Release|ARM.ActiveCfg = Release|Win32
		{6175D642-96FA-4DFA-90A0-214979CA140E}.Release|ARM64.ActiveCfg = Release|Win32
		{6175D642-96FA-4DFA-90A0-214979CA140E}.Release|x64.ActiveCfg = Release|x64
		{6175D642-96FA-4DFA-90A0-214979CA140E}.Release|x64.Build.0 = Release|x64
		{6175D642-96FA-4DFA-90A0-214979CA140E}.Release|x86.ActiveCfg = Release|Win32
		{6175D642-96FA-4DFA-90A0-214979CA140E}.Release|x86.Build.0 = Release|Win32
	EndGlobalSection
	GlobalSection(SolutionProperties) = preSolution
		HideSolutionNode = FALSE
	EndGlobalSection
	GlobalSection(ExtensibilityGlobals) = postSolution
		SolutionGuid = {E79CB57A-FABC-423E-AE3A-463B784C5C2A}
	EndGlobalSection
EndGlobal
